
Microsoft Visual Studio Solution File, Format Version 12.00
# Visual Studio 14
VisualStudioVersion = 14.0.25420.1
MinimumVisualStudioVersion = 10.0.40219.1
Project("{8BC9CEB8-8B4A-11D0-8D11-00A0C91BC942}") = "第四周实验题三", "第四周实验题三\第四周实验题三.vcxproj", "{785F4D7A-DB68-4748-9E06-0B3F8DADD3A7}"
EndProject
Project("{8BC9CEB8-8B4A-11D0-8D11-00A0C91BC942}") = "timer", "timer\timer.vcxproj", "{5A44552C-C4CE-4077-81CF-7C5A8D6F53A1}"
EndProject
Global
	GlobalSection(SolutionConfigurationPlatforms) = preSolution
		Debug|x64 = Debug|x64
		Debug|x86 = Debug|x86
		Release|x64 = Release|x64
		Release|x86 = Release|x86
	EndGlobalSection
	GlobalSection(ProjectConfigurationPlatforms) = postSolution
		{785F4D7A-DB68-4748-9E06-0B3F8DADD3A7}.Debug|x64.ActiveCfg = Debug|x64
		{785F4D7A-DB68-4748-9E06-0B3F8DADD3A7}.Debug|x64.Build.0 = Debug|x64
		{785F4D7A-DB68-4748-9E06-0B3F8DADD3A7}.Debug|x86.ActiveCfg = Debug|Win32
		{785F4D7A-DB68-4748-9E06-0B3F8DADD3A7}.Debug|x86.Build.0 = Debug|Win32
		{785F4D7A-DB68-4748-9E06-0B3F8DADD3A7}.Release|x64.ActiveCfg = Release|x64
		{785F4D7A-DB68-4748-9E06-0B3F8DADD3A7}.Release|x64.Build.0 = Release|x64
		{785F4D7A-DB68-4748-9E06-0B3F8DADD3A7}.Release|x86.ActiveCfg = Release|Win32
		{785F4D7A-DB68-4748-9E06-0B3F8DADD3A7}.Release|x86.Build.0 = Release|Win32
		{5A44552C-C4CE-4077-81CF-7C5A8D6F53A1}.Debug|x64.ActiveCfg = Debug|x64
		{5A44552C-C4CE-4077-81CF-7C5A8D6F53A1}.Debug|x64.Build.0 = Debug|x64
		{5A44552C-C4CE-4077-81CF-7C5A8D6F53A1}.Debug|x86.ActiveCfg = Debug|Win32
		{5A44552C-C4CE-4077-81CF-7C5A8D6F53A1}.Debug|x86.Build.0 = Debug|Win32
		{5A44552C-C4CE-4077-81CF-7C5A8D6F53A1}.Release|x64.ActiveCfg = Release|x64
		{5A44552C-C4CE-4077-81CF-7C5A8D6F53A1}.Release|x64.Build.0 = Release|x64
		{5A44552C-C4CE-4077-81CF-7C5A8D6F53A1}.Release|x86.ActiveCfg = Release|Win32
		{5A44552C-C4CE-4077-81CF-7C5A8D6F53A1}.Release|x86.Build.0 = Release|Win32
	EndGlobalSection
	GlobalSection(SolutionProperties) = preSolution
		HideSolutionNode = FALSE
	EndGlobalSection
EndGlobal
